
Microsoft Visual Studio Solution File, Format Version 12.00
# Visual Studio Version 17
VisualStudioVersion = 17.3.32929.385
MinimumVisualStudioVersion = 10.0.40219.1
Project("{FAE04EC0-301F-11D3-BF4B-00C04F79EFBC}") = "ABC", "ABC\ABC.csproj", "{D8344F11-AFD0-43F8-868B-623B911A14C3}"
EndProject
Global
	GlobalSection(SolutionConfigurationPlatforms) = preSolution
		Debug|Any CPU = Debug|Any CPU
		Release|Any CPU = Release|Any CPU
	EndGlobalSection
	GlobalSection(ProjectConfigurationPlatforms) = postSolution
		{D8344F11-AFD0-43F8-868B-623B911A14C3}.Debug|Any CPU.ActiveCfg = Debug|Any CPU
		{D8344F11-AFD0-43F8-868B-623B911A14C3}.Debug|Any CPU.Build.0 = Debug|Any CPU
		{D8344F11-AFD0-43F8-868B-623B911A14C3}.Release|Any CPU.ActiveCfg = Release|Any CPU
		{D8344F11-AFD0-43F8-868B-623B911A14C3}.Release|Any CPU.Build.0 = Release|Any CPU
	EndGlobalSection
	GlobalSection(SolutionProperties) = preSolution
		HideSolutionNode = FALSE
	EndGlobalSection
	GlobalSection(ExtensibilityGlobals) = postSolution
		SolutionGuid = {D6D5825E-7638-4E00-A31A-83B503E5AAA1}
	EndGlobalSection
EndGlobal
